// !$*UTF8*$!
{
	archiveVersion = 1;
	classes = {
	};
	objectVersion = 46;
	objects = {

/* Begin PBXBuildFile section */
		512349FF1C7BF27500EA8C9E /* pipe-board-cli in Resources */ = {isa = PBXBuildFile; fileRef = 514391F41C7A210B00A655E3 /* pipe-board-cli */; };
		514391F71C7A210B00A655E3 /* main.swift in Sources */ = {isa = PBXBuildFile; fileRef = 514391F61C7A210B00A655E3 /* main.swift */; };
		51AA266A1C78148D009606DD /* AppDelegate.swift in Sources */ = {isa = PBXBuildFile; fileRef = 51AA26691C78148D009606DD /* AppDelegate.swift */; };
		51AA266C1C78148D009606DD /* Assets.xcassets in Resources */ = {isa = PBXBuildFile; fileRef = 51AA266B1C78148D009606DD /* Assets.xcassets */; };
		51AA266F1C78148D009606DD /* MainMenu.xib in Resources */ = {isa = PBXBuildFile; fileRef = 51AA266D1C78148D009606DD /* MainMenu.xib */; };
		51AA26781C781580009606DD /* ConfigureViewController.swift in Sources */ = {isa = PBXBuildFile; fileRef = 51AA26761C781580009606DD /* ConfigureViewController.swift */; };
		51AA26791C781580009606DD /* ConfigureViewController.xib in Resources */ = {isa = PBXBuildFile; fileRef = 51AA26771C781580009606DD /* ConfigureViewController.xib */; };
		51AA267B1C781C77009606DD /* EventMonitor.swift in Sources */ = {isa = PBXBuildFile; fileRef = 51AA267A1C781C77009606DD /* EventMonitor.swift */; };
/* End PBXBuildFile section */

/* Begin PBXContainerItemProxy section */
		51234A011C7BF48100EA8C9E /* PBXContainerItemProxy */ = {
			isa = PBXContainerItemProxy;
			containerPortal = 51AA265E1C78148D009606DD /* Project object */;
			proxyType = 1;
			remoteGlobalIDString = 514391F31C7A210B00A655E3;
			remoteInfo = "pipe-board-cli";
		};
		51234A061C7BF4C700EA8C9E /* PBXContainerItemProxy */ = {
			isa = PBXContainerItemProxy;
			containerPortal = 514392331C7B5A4400A655E3 /* PipeBoardServer.xcodeproj */;
			proxyType = 2;
			remoteGlobalIDString = 5143920A1C7B543F00A655E3;
			remoteInfo = PipeBoardServer;
		};
/* End PBXContainerItemProxy section */

/* Begin PBXCopyFilesBuildPhase section */
		514391F21C7A210B00A655E3 /* CopyFiles */ = {
			isa = PBXCopyFilesBuildPhase;
			buildActionMask = 2147483647;
			dstPath = usr/share/man/man1;
			dstSubfolderSpec = 11;
			files = (
			);
			runOnlyForDeploymentPostprocessing = 1;
		};
/* End PBXCopyFilesBuildPhase section */

/* Begin PBXFileReference section */
		514391F41C7A210B00A655E3 /* pipe-board-cli */ = {isa = PBXFileReference; explicitFileType = "compiled.mach-o.executable"; includeInIndex = 0; path = "pipe-board-cli"; sourceTree = BUILT_PRODUCTS_DIR; };
		514391F61C7A210B00A655E3 /* main.swift */ = {isa = PBXFileReference; lastKnownFileType = sourcecode.swift; path = main.swift; sourceTree = "<group>"; };
		514392331C7B5A4400A655E3 /* PipeBoardServer.xcodeproj */ = {isa = PBXFileReference; lastKnownFileType = "wrapper.pb-project"; name = PipeBoardServer.xcodeproj; path = PipeBoardServer/PipeBoardServer.xcodeproj; sourceTree = "<group>"; };
		51AA26661C78148D009606DD /* Pipe Board.app */ = {isa = PBXFileReference; explicitFileType = wrapper.application; includeInIndex = 0; path = "Pipe Board.app"; sourceTree = BUILT_PRODUCTS_DIR; };
		51AA26691C78148D009606DD /* AppDelegate.swift */ = {isa = PBXFileReference; lastKnownFileType = sourcecode.swift; path = AppDelegate.swift; sourceTree = "<group>"; };
		51AA266B1C78148D009606DD /* Assets.xcassets */ = {isa = PBXFileReference; lastKnownFileType = folder.assetcatalog; path = Assets.xcassets; sourceTree = "<group>"; };
		51AA266E1C78148D009606DD /* Base */ = {isa = PBXFileReference; lastKnownFileType = file.xib; name = Base; path = Base.lproj/MainMenu.xib; sourceTree = "<group>"; };
		51AA26701C78148D009606DD /* Info.plist */ = {isa = PBXFileReference; lastKnownFileType = text.plist.xml; path = Info.plist; sourceTree = "<group>"; };
		51AA26761C781580009606DD /* ConfigureViewController.swift */ = {isa = PBXFileReference; fileEncoding = 4; lastKnownFileType = sourcecode.swift; path = ConfigureViewController.swift; sourceTree = "<group>"; };
		51AA26771C781580009606DD /* ConfigureViewController.xib */ = {isa = PBXFileReference; fileEncoding = 4; lastKnownFileType = file.xib; path = ConfigureViewController.xib; sourceTree = "<group>"; };
		51AA267A1C781C77009606DD /* EventMonitor.swift */ = {isa = PBXFileReference; fileEncoding = 4; lastKnownFileType = sourcecode.swift; path = EventMonitor.swift; sourceTree = "<group>"; };
/* End PBXFileReference section */

/* Begin PBXFrameworksBuildPhase section */
		514391F11C7A210B00A655E3 /* Frameworks */ = {
			isa = PBXFrameworksBuildPhase;
			buildActionMask = 2147483647;
			files = (
			);
			runOnlyForDeploymentPostprocessing = 0;
		};
		51AA26631C78148D009606DD /* Frameworks */ = {
			isa = PBXFrameworksBuildPhase;
			buildActionMask = 2147483647;
			files = (
			);
			runOnlyForDeploymentPostprocessing = 0;
		};
/* End PBXFrameworksBuildPhase section */

/* Begin PBXGroup section */
		51234A031C7BF4C700EA8C9E /* Products */ = {
			isa = PBXGroup;
			children = (
				51234A071C7BF4C700EA8C9E /* PipeBoardServer.framework */,
			);
			name = Products;
			sourceTree = "<group>";
		};
		514391F51C7A210B00A655E3 /* pipe-board-cli */ = {
			isa = PBXGroup;
			children = (
				514391F61C7A210B00A655E3 /* main.swift */,
			);
			path = "pipe-board-cli";
			sourceTree = "<group>";
		};
		5143923B1C7B838600A655E3 /* Frameworks */ = {
			isa = PBXGroup;
			children = (
				514392331C7B5A4400A655E3 /* PipeBoardServer.xcodeproj */,
			);
			name = Frameworks;
			sourceTree = "<group>";
		};
		51AA265D1C78148D009606DD = {
			isa = PBXGroup;
			children = (
				5143923B1C7B838600A655E3 /* Frameworks */,
				51AA26681C78148D009606DD /* pipe-board */,
				514391F51C7A210B00A655E3 /* pipe-board-cli */,
				51AA26671C78148D009606DD /* Products */,
			);
			sourceTree = "<group>";
		};
		51AA26671C78148D009606DD /* Products */ = {
			isa = PBXGroup;
			children = (
				51AA26661C78148D009606DD /* Pipe Board.app */,
				514391F41C7A210B00A655E3 /* pipe-board-cli */,
			);
			name = Products;
			sourceTree = "<group>";
		};
		51AA26681C78148D009606DD /* pipe-board */ = {
			isa = PBXGroup;
			children = (
				51AA26691C78148D009606DD /* AppDelegate.swift */,
				51AA266B1C78148D009606DD /* Assets.xcassets */,
				51AA266D1C78148D009606DD /* MainMenu.xib */,
				51AA26701C78148D009606DD /* Info.plist */,
				51AA26761C781580009606DD /* ConfigureViewController.swift */,
				51AA267A1C781C77009606DD /* EventMonitor.swift */,
				51AA26771C781580009606DD /* ConfigureViewController.xib */,
			);
			path = "pipe-board";
			sourceTree = "<group>";
		};
/* End PBXGroup section */

/* Begin PBXNativeTarget section */
		514391F31C7A210B00A655E3 /* pipe-board-cli */ = {
			isa = PBXNativeTarget;
			buildConfigurationList = 514391F81C7A210B00A655E3 /* Build configuration list for PBXNativeTarget "pipe-board-cli" */;
			buildPhases = (
				514391F01C7A210B00A655E3 /* Sources */,
				514391F11C7A210B00A655E3 /* Frameworks */,
				514391F21C7A210B00A655E3 /* CopyFiles */,
			);
			buildRules = (
			);
			dependencies = (
			);
			name = "pipe-board-cli";
			productName = "pipe-board-cli";
			productReference = 514391F41C7A210B00A655E3 /* pipe-board-cli */;
			productType = "com.apple.product-type.tool";
		};
		51AA26651C78148D009606DD /* pipe-board */ = {
			isa = PBXNativeTarget;
			buildConfigurationList = 51AA26731C78148D009606DD /* Build configuration list for PBXNativeTarget "pipe-board" */;
			buildPhases = (
				51AA26621C78148D009606DD /* Sources */,
				51AA26631C78148D009606DD /* Frameworks */,
				51AA26641C78148D009606DD /* Resources */,
			);
			buildRules = (
			);
			dependencies = (
				51234A021C7BF48100EA8C9E /* PBXTargetDependency */,
			);
			name = "pipe-board";
			productName = "pipe-board";
			productReference = 51AA26661C78148D009606DD /* Pipe Board.app */;
			productType = "com.apple.product-type.application";
		};
/* End PBXNativeTarget section */

/* Begin PBXProject section */
		51AA265E1C78148D009606DD /* Project object */ = {
			isa = PBXProject;
			attributes = {
				KnownAssetTags = (
					New,
				);
				LastSwiftUpdateCheck = 0720;
				LastUpgradeCheck = 0720;
				ORGANIZATIONNAME = "Dillon Hafer";
				TargetAttributes = {
					514391F31C7A210B00A655E3 = {
						CreatedOnToolsVersion = 7.2.1;
					};
					51AA26651C78148D009606DD = {
						CreatedOnToolsVersion = 7.2.1;
					};
				};
			};
			buildConfigurationList = 51AA26611C78148D009606DD /* Build configuration list for PBXProject "pipe-board" */;
			compatibilityVersion = "Xcode 3.2";
			developmentRegion = English;
			hasScannedForEncodings = 0;
			knownRegions = (
				en,
				Base,
			);
			mainGroup = 51AA265D1C78148D009606DD;
			productRefGroup = 51AA26671C78148D009606DD /* Products */;
			projectDirPath = "";
			projectReferences = (
				{
					ProductGroup = 51234A031C7BF4C700EA8C9E /* Products */;
					ProjectRef = 514392331C7B5A4400A655E3 /* PipeBoardServer.xcodeproj */;
				},
			);
			projectRoot = "";
			targets = (
				51AA26651C78148D009606DD /* pipe-board */,
				514391F31C7A210B00A655E3 /* pipe-board-cli */,
			);
		};
/* End PBXProject section */

/* Begin PBXReferenceProxy section */
		51234A071C7BF4C700EA8C9E /* PipeBoardServer.framework */ = {
			isa = PBXReferenceProxy;
			fileType = wrapper.framework;
			path = PipeBoardServer.framework;
			remoteRef = 51234A061C7BF4C700EA8C9E /* PBXContainerItemProxy */;
			sourceTree = BUILT_PRODUCTS_DIR;
		};
/* End PBXReferenceProxy section */

/* Begin PBXResourcesBuildPhase section */
		51AA26641C78148D009606DD /* Resources */ = {
			isa = PBXResourcesBuildPhase;
			buildActionMask = 2147483647;
			files = (
				512349FF1C7BF27500EA8C9E /* pipe-board-cli in Resources */,
				51AA266C1C78148D009606DD /* Assets.xcassets in Resources */,
				51AA26791C781580009606DD /* ConfigureViewController.xib in Resources */,
				51AA266F1C78148D009606DD /* MainMenu.xib in Resources */,
			);
			runOnlyForDeploymentPostprocessing = 0;
		};
/* End PBXResourcesBuildPhase section */

/* Begin PBXSourcesBuildPhase section */
		514391F01C7A210B00A655E3 /* Sources */ = {
			isa = PBXSourcesBuildPhase;
			buildActionMask = 2147483647;
			files = (
				514391F71C7A210B00A655E3 /* main.swift in Sources */,
			);
			runOnlyForDeploymentPostprocessing = 0;
		};
		51AA26621C78148D009606DD /* Sources */ = {
			isa = PBXSourcesBuildPhase;
			buildActionMask = 2147483647;
			files = (
				51AA267B1C781C77009606DD /* EventMonitor.swift in Sources */,
				51AA266A1C78148D009606DD /* AppDelegate.swift in Sources */,
				51AA26781C781580009606DD /* ConfigureViewController.swift in Sources */,
			);
			runOnlyForDeploymentPostprocessing = 0;
		};
/* End PBXSourcesBuildPhase section */

/* Begin PBXTargetDependency section */
		51234A021C7BF48100EA8C9E /* PBXTargetDependency */ = {
			isa = PBXTargetDependency;
			target = 514391F31C7A210B00A655E3 /* pipe-board-cli */;
			targetProxy = 51234A011C7BF48100EA8C9E /* PBXContainerItemProxy */;
		};
/* End PBXTargetDependency section */

/* Begin PBXVariantGroup section */
		51AA266D1C78148D009606DD /* MainMenu.xib */ = {
			isa = PBXVariantGroup;
			children = (
				51AA266E1C78148D009606DD /* Base */,
			);
			name = MainMenu.xib;
			sourceTree = "<group>";
		};
/* End PBXVariantGroup section */

/* Begin XCBuildConfiguration section */
		514391F91C7A210B00A655E3 /* Debug */ = {
			isa = XCBuildConfiguration;
			buildSettings = {
				FRAMEWORK_SEARCH_PATHS = (
					"$(inherited)",
					"$(PROJECT_DIR)",
				);
				"LD_RUNPATH_SEARCH_PATHS[arch=*]" = "@executable_path";
				PRODUCT_NAME = "$(TARGET_NAME)";
			};
			name = Debug;
		};
		514391FA1C7A210B00A655E3 /* Release */ = {
			isa = XCBuildConfiguration;
			buildSettings = {
				FRAMEWORK_SEARCH_PATHS = (
					"$(inherited)",
					"$(PROJECT_DIR)",
				);
				"LD_RUNPATH_SEARCH_PATHS[arch=*]" = "@executable_path";
				PRODUCT_NAME = "$(TARGET_NAME)";
			};
			name = Release;
		};
		51AA26711C78148D009606DD /* Debug */ = {
			isa = XCBuildConfiguration;
			buildSettings = {
				ALWAYS_SEARCH_USER_PATHS = NO;
				CLANG_CXX_LANGUAGE_STANDARD = "gnu++0x";
				CLANG_CXX_LIBRARY = "libc++";
				CLANG_ENABLE_MODULES = YES;
				CLANG_ENABLE_OBJC_ARC = YES;
				CLANG_WARN_BOOL_CONVERSION = YES;
				CLANG_WARN_CONSTANT_CONVERSION = YES;
				CLANG_WARN_DIRECT_OBJC_ISA_USAGE = YES_ERROR;
				CLANG_WARN_EMPTY_BODY = YES;
				CLANG_WARN_ENUM_CONVERSION = YES;
				CLANG_WARN_INT_CONVERSION = YES;
				CLANG_WARN_OBJC_ROOT_CLASS = YES_ERROR;
				CLANG_WARN_UNREACHABLE_CODE = YES;
				CLANG_WARN__DUPLICATE_METHOD_MATCH = YES;
				CODE_SIGN_IDENTITY = "-";
				COPY_PHASE_STRIP = NO;
				DEBUG_INFORMATION_FORMAT = dwarf;
				EMBEDDED_CONTENT_CONTAINS_SWIFT = YES;
				ENABLE_STRICT_OBJC_MSGSEND = YES;
				ENABLE_TESTABILITY = YES;
				GCC_C_LANGUAGE_STANDARD = gnu99;
				GCC_DYNAMIC_NO_PIC = NO;
				GCC_NO_COMMON_BLOCKS = YES;
				GCC_OPTIMIZATION_LEVEL = 0;
				GCC_PREPROCESSOR_DEFINITIONS = (
					"DEBUG=1",
					"$(inherited)",
				);
				GCC_WARN_64_TO_32_BIT_CONVERSION = YES;
				GCC_WARN_ABOUT_RETURN_TYPE = YES_ERROR;
				GCC_WARN_UNDECLARED_SELECTOR = YES;
				GCC_WARN_UNINITIALIZED_AUTOS = YES_AGGRESSIVE;
				GCC_WARN_UNUSED_FUNCTION = YES;
				GCC_WARN_UNUSED_VARIABLE = YES;
				MACOSX_DEPLOYMENT_TARGET = 10.11;
				MTL_ENABLE_DEBUG_INFO = YES;
				ONLY_ACTIVE_ARCH = YES;
				SDKROOT = macosx;
				SWIFT_OPTIMIZATION_LEVEL = "-Onone";
			};
			name = Debug;
		};
		51AA26721C78148D009606DD /* Release */ = {
			isa = XCBuildConfiguration;
			buildSettings = {
				ALWAYS_SEARCH_USER_PATHS = NO;
				CLANG_CXX_LANGUAGE_STANDARD = "gnu++0x";
				CLANG_CXX_LIBRARY = "libc++";
				CLANG_ENABLE_MODULES = YES;
				CLANG_ENABLE_OBJC_ARC = YES;
				CLANG_WARN_BOOL_CONVERSION = YES;
				CLANG_WARN_CONSTANT_CONVERSION = YES;
				CLANG_WARN_DIRECT_OBJC_ISA_USAGE = YES_ERROR;
				CLANG_WARN_EMPTY_BODY = YES;
				CLANG_WARN_ENUM_CONVERSION = YES;
				CLANG_WARN_INT_CONVERSION = YES;
				CLANG_WARN_OBJC_ROOT_CLASS = YES_ERROR;
				CLANG_WARN_UNREACHABLE_CODE = YES;
				CLANG_WARN__DUPLICATE_METHOD_MATCH = YES;
				CODE_SIGN_IDENTITY = "-";
				COPY_PHASE_STRIP = NO;
				DEBUG_INFORMATION_FORMAT = "dwarf-with-dsym";
				EMBEDDED_CONTENT_CONTAINS_SWIFT = YES;
				ENABLE_NS_ASSERTIONS = NO;
				ENABLE_STRICT_OBJC_MSGSEND = YES;
				GCC_C_LANGUAGE_STANDARD = gnu99;
				GCC_NO_COMMON_BLOCKS = YES;
				GCC_WARN_64_TO_32_BIT_CONVERSION = YES;
				GCC_WARN_ABOUT_RETURN_TYPE = YES_ERROR;
				GCC_WARN_UNDECLARED_SELECTOR = YES;
				GCC_WARN_UNINITIALIZED_AUTOS = YES_AGGRESSIVE;
				GCC_WARN_UNUSED_FUNCTION = YES;
				GCC_WARN_UNUSED_VARIABLE = YES;
				MACOSX_DEPLOYMENT_TARGET = 10.11;
				MTL_ENABLE_DEBUG_INFO = NO;
				SDKROOT = macosx;
			};
			name = Release;
		};
		51AA26741C78148D009606DD /* Debug */ = {
			isa = XCBuildConfiguration;
			buildSettings = {
				ASSETCATALOG_COMPILER_APPICON_NAME = AppIcon;
				COMBINE_HIDPI_IMAGES = YES;
				FRAMEWORK_SEARCH_PATHS = (
					"$(inherited)",
					"$(PROJECT_DIR)",
				);
				INFOPLIST_FILE = "pipe-board/Info.plist";
				LD_RUNPATH_SEARCH_PATHS = "$(inherited) @executable_path/../Frameworks";
				PRODUCT_BUNDLE_IDENTIFIER = "com.dillonhafer.pipe-board";
				PRODUCT_NAME = "Pipe Board";
			};
			name = Debug;
		};
		51AA26751C78148D009606DD /* Release */ = {
			isa = XCBuildConfiguration;
			buildSettings = {
				ASSETCATALOG_COMPILER_APPICON_NAME = AppIcon;
				COMBINE_HIDPI_IMAGES = YES;
				FRAMEWORK_SEARCH_PATHS = (
					"$(inherited)",
					"$(PROJECT_DIR)",
				);
				INFOPLIST_FILE = "pipe-board/Info.plist";
				LD_RUNPATH_SEARCH_PATHS = "$(inherited) @executable_path/../Frameworks";
				PRODUCT_BUNDLE_IDENTIFIER = "com.dillonhafer.pipe-board";
				PRODUCT_NAME = "Pipe Board";
			};
			name = Release;
		};
/* End XCBuildConfiguration section */

/* Begin XCConfigurationList section */
		514391F81C7A210B00A655E3 /* Build configuration list for PBXNativeTarget "pipe-board-cli" */ = {
			isa = XCConfigurationList;
			buildConfigurations = (
				514391F91C7A210B00A655E3 /* Debug */,
				514391FA1C7A210B00A655E3 /* Release */,
			);
			defaultConfigurationIsVisible = 0;
			defaultConfigurationName = Release;
		};
		51AA26611C78148D009606DD /* Build configuration list for PBXProject "pipe-board" */ = {
			isa = XCConfigurationList;
			buildConfigurations = (
				51AA26711C78148D009606DD /* Debug */,
				51AA26721C78148D009606DD /* Release */,
			);
			defaultConfigurationIsVisible = 0;
			defaultConfigurationName = Release;
		};
		51AA26731C78148D009606DD /* Build configuration list for PBXNativeTarget "pipe-board" */ = {
			isa = XCConfigurationList;
			buildConfigurations = (
				51AA26741C78148D009606DD /* Debug */,
				51AA26751C78148D009606DD /* Release */,
			);
			defaultConfigurationIsVisible = 0;
			defaultConfigurationName = Release;
		};
/* End XCConfigurationList section */
	};
	rootObject = 51AA265E1C78148D009606DD /* Project object */;
}
